
Microsoft Visual Studio Solution File, Format Version 12.00
# Visual Studio Version 17
VisualStudioVersion = 17.11.35312.102
MinimumVisualStudioVersion = 10.0.40219.1
Project("{2150E333-8FDC-42A3-9474-1A3956D46DE8}") = "Solution Items", "Solution Items", "{6F72D2FC-3AC9-451F-B6B9-907E32B23B5C}"
	ProjectSection(SolutionItems) = preProject
		.gitignore = .gitignore
		.github\workflows\dotnet.yml = .github\workflows\dotnet.yml
		projscan.json = projscan.json
		README.md = README.md
		t2g.cmd = t2g.cmd
		version.json = version.json
	EndProjectSection
EndProject
Project("{FAE04EC0-301F-11D3-BF4B-00C04F79EFBC}") = "DTOMaker.SrcGen.JsonSystemText", "DTOMaker.SrcGen.JsonSystemText\DTOMaker.SrcGen.JsonSystemText.csproj", "{DDC31E38-1E90-4259-9B07-5EA523F3649A}"
EndProject
Project("{FAE04EC0-301F-11D3-BF4B-00C04F79EFBC}") = "Template.JsonSystemText", "Template.JsonSystemText\Template.JsonSystemText.csproj", "{A76F8839-0FF2-7474-3DD8-E9B6D68A0537}"
EndProject
Project("{FAE04EC0-301F-11D3-BF4B-00C04F79EFBC}") = "Template.JsonSystemText.Tests", "Template.JsonSystemText.Tests\Template.JsonSystemText.Tests.csproj", "{F99B6E2D-90C3-5E3F-2260-E5E969F13742}"
EndProject
Project("{FAE04EC0-301F-11D3-BF4B-00C04F79EFBC}") = "DTOMaker.Runtime.JsonSystemText", "DTOMaker.Runtime.JsonSystemText\DTOMaker.Runtime.JsonSystemText.csproj", "{7689868B-20EE-A2C1-7280-CC002A2D8DAB}"
EndProject
Project("{FAE04EC0-301F-11D3-BF4B-00C04F79EFBC}") = "DTOMaker.SrcGen.JsonSystemText.Tests", "DTOMaker.SrcGen.JsonSystemText.Tests\DTOMaker.SrcGen.JsonSystemText.Tests.csproj", "{AFEA276B-6601-4EDF-9FA5-C05C21B72A25}"
EndProject
Project("{FAE04EC0-301F-11D3-BF4B-00C04F79EFBC}") = "Sandbox1", "Sandbox1\Sandbox1.csproj", "{7F97DB8E-B396-4CE1-B927-0C96058DE423}"
EndProject
Project("{FAE04EC0-301F-11D3-BF4B-00C04F79EFBC}") = "Sandbox1.Tests", "Sandbox1.Tests\Sandbox1.Tests.csproj", "{EF64A843-7517-4A6A-9AFC-FAD5AB15F0CF}"
EndProject
Project("{FAE04EC0-301F-11D3-BF4B-00C04F79EFBC}") = "Sandbox2", "Sandbox2\Sandbox2.csproj", "{A3927613-29BC-46B9-95BE-C5106BE18CC8}"
EndProject
Project("{FAE04EC0-301F-11D3-BF4B-00C04F79EFBC}") = "Sandbox2.Tests", "Sandbox2.Tests\Sandbox2.Tests.csproj", "{921F6CAD-3F55-4D54-A482-EE24662625C3}"
EndProject
Project("{FAE04EC0-301F-11D3-BF4B-00C04F79EFBC}") = "Sandbox3", "Sandbox3\Sandbox3.csproj", "{3D655131-F158-4E99-ACFC-B858B08305E7}"
EndProject
Project("{FAE04EC0-301F-11D3-BF4B-00C04F79EFBC}") = "Sandbox3.Tests", "Sandbox3.Tests\Sandbox3.Tests.csproj", "{D567E3BA-5400-40D1-B7C8-53E797E5B225}"
EndProject
Global
	GlobalSection(SolutionConfigurationPlatforms) = preSolution
		Debug|Any CPU = Debug|Any CPU
		Release|Any CPU = Release|Any CPU
	EndGlobalSection
	GlobalSection(ProjectConfigurationPlatforms) = postSolution
		{DDC31E38-1E90-4259-9B07-5EA523F3649A}.Debug|Any CPU.ActiveCfg = Debug|Any CPU
		{DDC31E38-1E90-4259-9B07-5EA523F3649A}.Debug|Any CPU.Build.0 = Debug|Any CPU
		{DDC31E38-1E90-4259-9B07-5EA523F3649A}.Release|Any CPU.ActiveCfg = Release|Any CPU
		{DDC31E38-1E90-4259-9B07-5EA523F3649A}.Release|Any CPU.Build.0 = Release|Any CPU
		{A76F8839-0FF2-7474-3DD8-E9B6D68A0537}.Debug|Any CPU.ActiveCfg = Debug|Any CPU
		{A76F8839-0FF2-7474-3DD8-E9B6D68A0537}.Debug|Any CPU.Build.0 = Debug|Any CPU
		{A76F8839-0FF2-7474-3DD8-E9B6D68A0537}.Release|Any CPU.ActiveCfg = Release|Any CPU
		{A76F8839-0FF2-7474-3DD8-E9B6D68A0537}.Release|Any CPU.Build.0 = Release|Any CPU
		{F99B6E2D-90C3-5E3F-2260-E5E969F13742}.Debug|Any CPU.ActiveCfg = Debug|Any CPU
		{F99B6E2D-90C3-5E3F-2260-E5E969F13742}.Debug|Any CPU.Build.0 = Debug|Any CPU
		{F99B6E2D-90C3-5E3F-2260-E5E969F13742}.Release|Any CPU.ActiveCfg = Release|Any CPU
		{F99B6E2D-90C3-5E3F-2260-E5E969F13742}.Release|Any CPU.Build.0 = Release|Any CPU
		{7689868B-20EE-A2C1-7280-CC002A2D8DAB}.Debug|Any CPU.ActiveCfg = Debug|Any CPU
		{7689868B-20EE-A2C1-7280-CC002A2D8DAB}.Debug|Any CPU.Build.0 = Debug|Any CPU
		{7689868B-20EE-A2C1-7280-CC002A2D8DAB}.Release|Any CPU.ActiveCfg = Release|Any CPU
		{7689868B-20EE-A2C1-7280-CC002A2D8DAB}.Release|Any CPU.Build.0 = Release|Any CPU
		{AFEA276B-6601-4EDF-9FA5-C05C21B72A25}.Debug|Any CPU.ActiveCfg = Debug|Any CPU
		{AFEA276B-6601-4EDF-9FA5-C05C21B72A25}.Debug|Any CPU.Build.0 = Debug|Any CPU
		{AFEA276B-6601-4EDF-9FA5-C05C21B72A25}.Release|Any CPU.ActiveCfg = Release|Any CPU
		{AFEA276B-6601-4EDF-9FA5-C05C21B72A25}.Release|Any CPU.Build.0 = Release|Any CPU
		{7F97DB8E-B396-4CE1-B927-0C96058DE423}.Debug|Any CPU.ActiveCfg = Debug|Any CPU
		{7F97DB8E-B396-4CE1-B927-0C96058DE423}.Debug|Any CPU.Build.0 = Debug|Any CPU
		{7F97DB8E-B396-4CE1-B927-0C96058DE423}.Release|Any CPU.ActiveCfg = Release|Any CPU
		{7F97DB8E-B396-4CE1-B927-0C96058DE423}.Release|Any CPU.Build.0 = Release|Any CPU
		{EF64A843-7517-4A6A-9AFC-FAD5AB15F0CF}.Debug|Any CPU.ActiveCfg = Debug|Any CPU
		{EF64A843-7517-4A6A-9AFC-FAD5AB15F0CF}.Debug|Any CPU.Build.0 = Debug|Any CPU
		{EF64A843-7517-4A6A-9AFC-FAD5AB15F0CF}.Release|Any CPU.ActiveCfg = Release|Any CPU
		{EF64A843-7517-4A6A-9AFC-FAD5AB15F0CF}.Release|Any CPU.Build.0 = Release|Any CPU
		{A3927613-29BC-46B9-95BE-C5106BE18CC8}.Debug|Any CPU.ActiveCfg = Debug|Any CPU
		{A3927613-29BC-46B9-95BE-C5106BE18CC8}.Debug|Any CPU.Build.0 = Debug|Any CPU
		{A3927613-29BC-46B9-95BE-C5106BE18CC8}.Release|Any CPU.ActiveCfg = Release|Any CPU
		{A3927613-29BC-46B9-95BE-C5106BE18CC8}.Release|Any CPU.Build.0 = Release|Any CPU
		{921F6CAD-3F55-4D54-A482-EE24662625C3}.Debug|Any CPU.ActiveCfg = Debug|Any CPU
		{921F6CAD-3F55-4D54-A482-EE24662625C3}.Debug|Any CPU.Build.0 = Debug|Any CPU
		{921F6CAD-3F55-4D54-A482-EE24662625C3}.Release|Any CPU.ActiveCfg = Release|Any CPU
		{921F6CAD-3F55-4D54-A482-EE24662625C3}.Release|Any CPU.Build.0 = Release|Any CPU
		{3D655131-F158-4E99-ACFC-B858B08305E7}.Debug|Any CPU.ActiveCfg = Debug|Any CPU
		{3D655131-F158-4E99-ACFC-B858B08305E7}.Debug|Any CPU.Build.0 = Debug|Any CPU
		{3D655131-F158-4E99-ACFC-B858B08305E7}.Release|Any CPU.ActiveCfg = Release|Any CPU
		{3D655131-F158-4E99-ACFC-B858B08305E7}.Release|Any CPU.Build.0 = Release|Any CPU
		{D567E3BA-5400-40D1-B7C8-53E797E5B225}.Debug|Any CPU.ActiveCfg = Debug|Any CPU
		{D567E3BA-5400-40D1-B7C8-53E797E5B225}.Debug|Any CPU.Build.0 = Debug|Any CPU
		{D567E3BA-5400-40D1-B7C8-53E797E5B225}.Release|Any CPU.ActiveCfg = Release|Any CPU
		{D567E3BA-5400-40D1-B7C8-53E797E5B225}.Release|Any CPU.Build.0 = Release|Any CPU
	EndGlobalSection
	GlobalSection(SolutionProperties) = preSolution
		HideSolutionNode = FALSE
	EndGlobalSection
	GlobalSection(ExtensibilityGlobals) = postSolution
		SolutionGuid = {2C984986-C2C9-4136-A2D4-1A5FE9BDF8F0}
	EndGlobalSection
EndGlobal
